<?xml version="1.0" encoding="utf-8"?>
<Project ToolsVersion="4.0" xmlns="http://schemas.microsoft.com/developer/msbuild/2003">
  <ItemGroup>
    <Filter Include="Source Files">
      <UniqueIdentifier>{4FC737F1-C7A5-4376-A066-2A32D752A2FF}</UniqueIdentifier>
      <Extensions>cpp;c;cc;cxx;def;odl;idl;hpj;bat;asm;asmx</Extensions>
    </Filter>
    <Filter Include="Header Files">
      <UniqueIdentifier>{93995380-89BD-4b04-88EB-625FBE52EBFB}</UniqueIdentifier>
      <Extensions>h;hh;hpp;hxx;hm;inl;inc;ipp;xsd</Extensions>
    </Filter>
    <Filter Include="dlls">
      <UniqueIdentifier>{a3ae1f31-662a-4e3f-bb3b-d02f53bb02d1}</UniqueIdentifier>
    </Filter>
    <Filter Include="Resource Files">
      <UniqueIdentifier>{67DA6AB6-F800-4c08-8B7A-83BB121AAD01}</UniqueIdentifier>
      <Extensions>rc;ico;cur;bmp;dlg;rc2;rct;bin;rgs;gif;jpg;jpeg;jpe;resx;tiff;tif;png;wav;mfcribbon-ms</Extensions>
    </Filter>
    <Filter Include="External Source Files">
      <UniqueIdentifier>{cbf101c0-d2e9-4939-a0c0-92624b51e043}</UniqueIdentifier>
    </Filter>
    <Filter Include="Source Files\Game States">
      <UniqueIdentifier>{d9769fb4-60f0-4925-b70a-a6f9777c48fa}</UniqueIdentifier>
    </Filter>
    <Filter Include="Source Files\Editor Tabs">
      <UniqueIdentifier>{53b2956c-3a29-41be-9bb9-cbc564a20eea}</UniqueIdentifier>
    </Filter>
    <Filter Include="Source Files\Game Objects">
      <UniqueIdentifier>{40074c79-41a3-41b6-9441-3193cf6bc20a}</UniqueIdentifier>
    </Filter>
    <Filter Include="Source Files\Object Modifiers">
      <UniqueIdentifier>{635292d5-157c-40fe-adc8-a3e74bbd5222}</UniqueIdentifier>
    </Filter>
    <Filter Include="Source Files\Graphics">
      <UniqueIdentifier>{6f2c8154-821e-4424-8676-0de829fc8046}</UniqueIdentifier>
    </Filter>
    <Filter Include="Source Files\Move Processing">
      <UniqueIdentifier>{62ebdd7e-e1a7-462f-b1ac-920b25678aa3}</UniqueIdentifier>
    </Filter>
    <Filter Include="constants">
      <UniqueIdentifier>{2d2e22d9-7855-4b66-9fe2-30dd85747b7d}</UniqueIdentifier>
    </Filter>
    <Filter Include="Shaders">
      <UniqueIdentifier>{c3fa030b-f894-4acf-8c52-439be43404fe}</UniqueIdentifier>
    </Filter>
  </ItemGroup>
  <ItemGroup>
    <ResourceCompile Include="Sokoban.rc">
      <Filter>Resource Files</Filter>
    </ResourceCompile>
  </ItemGroup>
  <ItemGroup>
    <Image Include="small.ico">
      <Filter>Resource Files</Filter>
    </Image>
    <Image Include="Sokoban.ico">
      <Filter>Resource Files</Filter>
    </Image>
  </ItemGroup>
  <ItemGroup>
    <ClInclude Include="src\animation.h">
      <Filter>Header Files</Filter>
    </ClInclude>
    <ClInclude Include="src\autoblock.h">
      <Filter>Header Files</Filter>
    </ClInclude>
    <ClInclude Include="src\camera.h">
      <Filter>Header Files</Filter>
    </ClInclude>
    <ClInclude Include="src\cameratab.h">
      <Filter>Header Files</Filter>
    </ClInclude>
    <ClInclude Include="src\car.h">
      <Filter>Header Files</Filter>
    </ClInclude>
    <ClInclude Include="src\color_constants.h">
      <Filter>constants</Filter>
    </ClInclude>
    <ClInclude Include="src\colorcycle.h">
      <Filter>Header Files</Filter>
    </ClInclude>
    <ClInclude Include="src\common_constants.h">
      <Filter>constants</Filter>
    </ClInclude>
    <ClInclude Include="src\common_enums.h">
      <Filter>constants</Filter>
    </ClInclude>
    <ClInclude Include="src\component.h">
      <Filter>Header Files</Filter>
    </ClInclude>
    <ClInclude Include="src\delta.h">
      <Filter>Header Files</Filter>
    </ClInclude>
    <ClInclude Include="src\door.h">
      <Filter>Header Files</Filter>
    </ClInclude>
    <ClInclude Include="src\doorselectstate.h">
      <Filter>Header Files</Filter>
    </ClInclude>
    <ClInclude Include="src\doortab.h">
      <Filter>Header Files</Filter>
    </ClInclude>
    <ClInclude Include="src\editorbasestate.h">
      <Filter>Header Files</Filter>
    </ClInclude>
    <ClInclude Include="src\editorstate.h">
      <Filter>Header Files</Filter>
    </ClInclude>
    <ClInclude Include="src\editortab.h">
      <Filter>Header Files</Filter>
    </ClInclude>
    <ClInclude Include="src\effects.h">
      <Filter>Header Files</Filter>
    </ClInclude>
    <ClInclude Include="src\fallstepprocessor.h">
      <Filter>Header Files</Filter>
    </ClInclude>
    <ClInclude Include="src\gameobject.h">
      <Filter>Header Files</Filter>
    </ClInclude>
    <ClInclude Include="src\gameobjectarray.h">
      <Filter>Header Files</Filter>
    </ClInclude>
    <ClInclude Include="src\gamestate.h">
      <Filter>Header Files</Filter>
    </ClInclude>
    <ClInclude Include="src\gate.h">
      <Filter>Header Files</Filter>
    </ClInclude>
    <ClInclude Include="src\gatebody.h">
      <Filter>Header Files</Filter>
    </ClInclude>
    <ClInclude Include="src\graphicsmanager.h">
      <Filter>Header Files</Filter>
    </ClInclude>
    <ClInclude Include="src\horizontalstepprocessor.h">
      <Filter>Header Files</Filter>
    </ClInclude>
    <ClInclude Include="src\mainmenustate.h">
      <Filter>Header Files</Filter>
    </ClInclude>
    <ClInclude Include="src\mapfile.h">
      <Filter>Header Files</Filter>
    </ClInclude>
    <ClInclude Include="src\maplayer.h">
      <Filter>Header Files</Filter>
    </ClInclude>
    <ClInclude Include="src\mesh.h">
      <Filter>Header Files</Filter>
    </ClInclude>
    <ClInclude Include="src\model.h">
      <Filter>Header Files</Filter>
    </ClInclude>
    <ClInclude Include="src\modelinstancer.h">
      <Filter>Header Files</Filter>
    </ClInclude>
    <ClInclude Include="src\modifiertab.h">
      <Filter>Header Files</Filter>
    </ClInclude>
    <ClInclude Include="src\moveprocessor.h">
      <Filter>Header Files</Filter>
    </ClInclude>
    <ClInclude Include="src\objectmodifier.h">
      <Filter>Header Files</Filter>
    </ClInclude>
    <ClInclude Include="src\objecttab.h">
      <Filter>Header Files</Filter>
    </ClInclude>
    <ClInclude Include="src\player.h">
      <Filter>Header Files</Filter>
    </ClInclude>
    <ClInclude Include="src\playingstate.h">
      <Filter>Header Files</Filter>
    </ClInclude>
    <ClInclude Include="src\point.h">
      <Filter>Header Files</Filter>
    </ClInclude>
    <ClInclude Include="src\pressswitch.h">
      <Filter>Header Files</Filter>
    </ClInclude>
    <ClInclude Include="src\puppetblock.h">
      <Filter>Header Files</Filter>
    </ClInclude>
    <ClInclude Include="src\pushblock.h">
      <Filter>Header Files</Filter>
    </ClInclude>
    <ClInclude Include="src\realplayingstate.h">
      <Filter>Header Files</Filter>
    </ClInclude>
    <ClInclude Include="src\Resource.h">
      <Filter>Header Files</Filter>
    </ClInclude>
    <ClInclude Include="src\room.h">
      <Filter>Header Files</Filter>
    </ClInclude>
    <ClInclude Include="src\roommap.h">
      <Filter>Header Files</Filter>
    </ClInclude>
    <ClInclude Include="src\savefile.h">
      <Filter>Header Files</Filter>
    </ClInclude>
    <ClInclude Include="src\saveloadtab.h">
      <Filter>Header Files</Filter>
    </ClInclude>
    <ClInclude Include="src\shader.h">
      <Filter>Header Files</Filter>
    </ClInclude>
    <ClInclude Include="src\signaler.h">
      <Filter>Header Files</Filter>
    </ClInclude>
    <ClInclude Include="src\snakeblock.h">
      <Filter>Header Files</Filter>
    </ClInclude>
    <ClInclude Include="src\snaketab.h">
      <Filter>Header Files</Filter>
    </ClInclude>
    <ClInclude Include="src\Sokoban.h">
      <Filter>Header Files</Filter>
    </ClInclude>
    <ClInclude Include="src\stdafx.h">
      <Filter>Header Files</Filter>
    </ClInclude>
    <ClInclude Include="src\switch.h">
      <Filter>Header Files</Filter>
    </ClInclude>
    <ClInclude Include="src\switchable.h">
      <Filter>Header Files</Filter>
    </ClInclude>
    <ClInclude Include="src\switchtab.h">
      <Filter>Header Files</Filter>
    </ClInclude>
    <ClInclude Include="src\targetver.h">
      <Filter>Header Files</Filter>
    </ClInclude>
    <ClInclude Include="src\testplayingstate.h">
      <Filter>Header Files</Filter>
    </ClInclude>
    <ClInclude Include="src\texture_constants.h">
      <Filter>constants</Filter>
    </ClInclude>
    <ClInclude Include="src\vertexlayout.h">
      <Filter>Header Files</Filter>
    </ClInclude>
    <ClInclude Include="src\wall.h">
      <Filter>Header Files</Filter>
    </ClInclude>
    <ClInclude Include="src\clearflag.h">
      <Filter>Header Files</Filter>
    </ClInclude>
    <ClInclude Include="src\roomtab.h">
      <Filter>Header Files</Filter>
    </ClInclude>
    <ClInclude Include="src\pausestate.h">
      <Filter>Header Files</Filter>
    </ClInclude>
    <ClInclude Include="src\worldresetkey.h">
      <Filter>Header Files</Filter>
    </ClInclude>
    <ClInclude Include="src\permanentswitch.h">
      <Filter>Header Files</Filter>
    </ClInclude>
    <ClInclude Include="src\floorsign.h">
      <Filter>Header Files</Filter>
    </ClInclude>
    <ClInclude Include="src\stringdrawer.h">
      <Filter>Header Files</Filter>
    </ClInclude>
    <ClInclude Include="src\fontmanager.h">
      <Filter>Header Files</Filter>
    </ClInclude>
    <ClInclude Include="src\jumpstepprocessor.h">
      <Filter>Header Files</Filter>
    </ClInclude>
    <ClInclude Include="src\incinerator.h">
      <Filter>Header Files</Filter>
    </ClInclude>
    <ClInclude Include="src\fpstimer.h">
      <Filter>Header Files</Filter>
    </ClInclude>
  </ItemGroup>
  <ItemGroup>
    <ClCompile Include="src\delta.cpp">
      <Filter>Source Files</Filter>
    </ClCompile>
    <ClCompile Include="src\gameobjectarray.cpp">
      <Filter>Source Files</Filter>
    </ClCompile>
    <ClCompile Include="src\mapfile.cpp">
      <Filter>Source Files</Filter>
    </ClCompile>
    <ClCompile Include="src\maplayer.cpp">
      <Filter>Source Files</Filter>
    </ClCompile>
    <ClCompile Include="src\point.cpp">
      <Filter>Source Files</Filter>
    </ClCompile>
    <ClCompile Include="src\room.cpp">
      <Filter>Source Files</Filter>
    </ClCompile>
    <ClCompile Include="src\roommap.cpp">
      <Filter>Source Files</Filter>
    </ClCompile>
    <ClCompile Include="src\Sokoban.cpp">
      <Filter>Source Files</Filter>
    </ClCompile>
    <ClCompile Include="src\stdafx.cpp">
      <Filter>Source Files</Filter>
    </ClCompile>
    <ClCompile Include="src\camera.cpp">
      <Filter>Source Files</Filter>
    </ClCompile>
    <ClCompile Include="src\doorselectstate.cpp">
      <Filter>Source Files\Game States</Filter>
    </ClCompile>
    <ClCompile Include="src\editorbasestate.cpp">
      <Filter>Source Files\Game States</Filter>
    </ClCompile>
    <ClCompile Include="src\editorstate.cpp">
      <Filter>Source Files\Game States</Filter>
    </ClCompile>
    <ClCompile Include="src\gamestate.cpp">
      <Filter>Source Files\Game States</Filter>
    </ClCompile>
    <ClCompile Include="src\mainmenustate.cpp">
      <Filter>Source Files\Game States</Filter>
    </ClCompile>
    <ClCompile Include="src\playingstate.cpp">
      <Filter>Source Files\Game States</Filter>
    </ClCompile>
    <ClCompile Include="src\testplayingstate.cpp">
      <Filter>Source Files\Game States</Filter>
    </ClCompile>
    <ClCompile Include="src\realplayingstate.cpp">
      <Filter>Source Files\Game States</Filter>
    </ClCompile>
    <ClCompile Include="src\doortab.cpp">
      <Filter>Source Files\Editor Tabs</Filter>
    </ClCompile>
    <ClCompile Include="src\editortab.cpp">
      <Filter>Source Files\Editor Tabs</Filter>
    </ClCompile>
    <ClCompile Include="src\modifiertab.cpp">
      <Filter>Source Files\Editor Tabs</Filter>
    </ClCompile>
    <ClCompile Include="src\objecttab.cpp">
      <Filter>Source Files\Editor Tabs</Filter>
    </ClCompile>
    <ClCompile Include="src\saveloadtab.cpp">
      <Filter>Source Files\Editor Tabs</Filter>
    </ClCompile>
    <ClCompile Include="src\snaketab.cpp">
      <Filter>Source Files\Editor Tabs</Filter>
    </ClCompile>
    <ClCompile Include="src\switchtab.cpp">
      <Filter>Source Files\Editor Tabs</Filter>
    </ClCompile>
    <ClCompile Include="src\autoblock.cpp">
      <Filter>Source Files\Object Modifiers</Filter>
    </ClCompile>
    <ClCompile Include="src\car.cpp">
      <Filter>Source Files\Object Modifiers</Filter>
    </ClCompile>
    <ClCompile Include="src\colorcycle.cpp">
      <Filter>Source Files\Object Modifiers</Filter>
    </ClCompile>
    <ClCompile Include="src\door.cpp">
      <Filter>Source Files\Object Modifiers</Filter>
    </ClCompile>
    <ClCompile Include="src\signaler.cpp">
      <Filter>Source Files\Object Modifiers</Filter>
    </ClCompile>
    <ClCompile Include="src\switch.cpp">
      <Filter>Source Files\Object Modifiers</Filter>
    </ClCompile>
    <ClCompile Include="src\switchable.cpp">
      <Filter>Source Files\Object Modifiers</Filter>
    </ClCompile>
    <ClCompile Include="src\gate.cpp">
      <Filter>Source Files\Object Modifiers</Filter>
    </ClCompile>
    <ClCompile Include="src\gameobject.cpp">
      <Filter>Source Files\Game Objects</Filter>
    </ClCompile>
    <ClCompile Include="src\gatebody.cpp">
      <Filter>Source Files\Game Objects</Filter>
    </ClCompile>
    <ClCompile Include="src\player.cpp">
      <Filter>Source Files\Game Objects</Filter>
    </ClCompile>
    <ClCompile Include="src\pushblock.cpp">
      <Filter>Source Files\Game Objects</Filter>
    </ClCompile>
    <ClCompile Include="src\snakeblock.cpp">
      <Filter>Source Files\Game Objects</Filter>
    </ClCompile>
    <ClCompile Include="src\wall.cpp">
      <Filter>Source Files\Game Objects</Filter>
    </ClCompile>
    <ClCompile Include="src\graphicsmanager.cpp">
      <Filter>Source Files\Graphics</Filter>
    </ClCompile>
    <ClCompile Include="src\mesh.cpp">
      <Filter>Source Files\Graphics</Filter>
    </ClCompile>
    <ClCompile Include="src\model.cpp">
      <Filter>Source Files\Graphics</Filter>
    </ClCompile>
    <ClCompile Include="src\modelinstancer.cpp">
      <Filter>Source Files\Graphics</Filter>
    </ClCompile>
    <ClCompile Include="src\shader.cpp">
      <Filter>Source Files\Graphics</Filter>
    </ClCompile>
    <ClCompile Include="src\objectmodifier.cpp">
      <Filter>Source Files\Object Modifiers</Filter>
    </ClCompile>
    <ClCompile Include="src\fallstepprocessor.cpp">
      <Filter>Source Files\Move Processing</Filter>
    </ClCompile>
    <ClCompile Include="src\horizontalstepprocessor.cpp">
      <Filter>Source Files\Move Processing</Filter>
    </ClCompile>
    <ClCompile Include="src\moveprocessor.cpp">
      <Filter>Source Files\Move Processing</Filter>
    </ClCompile>
    <ClCompile Include="src\component.cpp">
      <Filter>Source Files\Move Processing</Filter>
    </ClCompile>
    <ClCompile Include="src\savefile.cpp">
      <Filter>Source Files</Filter>
    </ClCompile>
    <ClCompile Include="src\common_constants.cpp">
      <Filter>Source Files</Filter>
    </ClCompile>
    <ClCompile Include="src\puppetblock.cpp">
      <Filter>Source Files\Object Modifiers</Filter>
    </ClCompile>
    <ClCompile Include="src\cameratab.cpp">
      <Filter>Source Files\Editor Tabs</Filter>
    </ClCompile>
    <ClCompile Include="src\color_constants.cpp">
      <Filter>Source Files</Filter>
    </ClCompile>
    <ClCompile Include="src\clearflag.cpp">
      <Filter>Source Files\Object Modifiers</Filter>
    </ClCompile>
    <ClCompile Include="src\roomtab.cpp">
      <Filter>Source Files\Editor Tabs</Filter>
    </ClCompile>
    <ClCompile Include="src\pausestate.cpp">
      <Filter>Source Files\Game States</Filter>
    </ClCompile>
    <ClCompile Include="..\include\dear\imgui.cpp">
      <Filter>External Source Files</Filter>
    </ClCompile>
    <ClCompile Include="..\include\dear\imgui_demo.cpp">
      <Filter>External Source Files</Filter>
    </ClCompile>
    <ClCompile Include="..\include\dear\imgui_draw.cpp">
      <Filter>External Source Files</Filter>
    </ClCompile>
    <ClCompile Include="..\include\dear\imgui_impl_glfw.cpp">
      <Filter>External Source Files</Filter>
    </ClCompile>
    <ClCompile Include="..\include\dear\imgui_impl_opengl3.cpp">
      <Filter>External Source Files</Filter>
    </ClCompile>
    <ClCompile Include="..\include\dear\imgui_widgets.cpp">
      <Filter>External Source Files</Filter>
    </ClCompile>
    <ClCompile Include="..\include\glad\glad.c">
      <Filter>External Source Files</Filter>
    </ClCompile>
    <ClCompile Include="src\worldresetkey.cpp">
      <Filter>Source Files\Object Modifiers</Filter>
    </ClCompile>
    <ClCompile Include="src\pressswitch.cpp">
      <Filter>Source Files\Object Modifiers</Filter>
    </ClCompile>
    <ClCompile Include="src\floorsign.cpp">
      <Filter>Source Files\Object Modifiers</Filter>
    </ClCompile>
    <ClCompile Include="src\fontmanager.cpp">
      <Filter>Source Files\Graphics</Filter>
    </ClCompile>
    <ClCompile Include="src\texture_constants.cpp">
      <Filter>Source Files\Graphics</Filter>
    </ClCompile>
    <ClCompile Include="src\stringdrawer.cpp">
      <Filter>Source Files\Graphics</Filter>
    </ClCompile>
    <ClCompile Include="src\permanentswitch.cpp">
      <Filter>Source Files\Object Modifiers</Filter>
    </ClCompile>
    <ClCompile Include="src\effects.cpp">
      <Filter>Source Files\Graphics</Filter>
    </ClCompile>
    <ClCompile Include="src\animation.cpp">
      <Filter>Source Files\Graphics</Filter>
    </ClCompile>
    <ClCompile Include="src\jumpstepprocessor.cpp">
      <Filter>Source Files\Move Processing</Filter>
    </ClCompile>
    <ClCompile Include="src\incinerator.cpp">
      <Filter>Source Files\Object Modifiers</Filter>
    </ClCompile>
    <ClCompile Include="src\fpstimer.cpp">
      <Filter>Source Files</Filter>
    </ClCompile>
  </ItemGroup>
  <ItemGroup>
    <None Include="shaders\text_shader.vs">
      <Filter>Shaders</Filter>
    </None>
    <None Include="shaders\instanced_shader.fs">
      <Filter>Shaders</Filter>
    </None>
    <None Include="shaders\instanced_shader.vs">
      <Filter>Shaders</Filter>
    </None>
    <None Include="shaders\shader.fs">
      <Filter>Shaders</Filter>
    </None>
    <None Include="shaders\shader.vs">
      <Filter>Shaders</Filter>
    </None>
    <None Include="shaders\text_shader.fs">
      <Filter>Shaders</Filter>
    </None>
  </ItemGroup>
</Project>